# This file is automatically @generated by Cargo.
# It is not intended for manual editing.
version = 3

[[package]]
name = "basic_nft"
version = "0.1.0"
dependencies = [
 "serde",
 "tari_template_abi",
 "tari_template_lib",
]

[[package]]
name = "ciborium"
version = "0.2.0"
source = "registry+https://github.com/rust-lang/crates.io-index"
checksum = "b0c137568cc60b904a7724001b35ce2630fd00d5d84805fbb608ab89509d788f"
dependencies = [
 "ciborium-io",
 "ciborium-ll",
 "serde",
]

[[package]]
name = "ciborium-io"
version = "0.2.0"
source = "registry+https://github.com/rust-lang/crates.io-index"
checksum = "346de753af073cc87b52b2083a506b38ac176a44cfb05497b622e27be899b369"

[[package]]
name = "ciborium-ll"
version = "0.2.0"
source = "registry+https://github.com/rust-lang/crates.io-index"
checksum = "213030a2b5a4e0c0892b6652260cf6ccac84827b83a85a534e178e3906c4cf1b"
dependencies = [
 "ciborium-io",
 "half",
]

[[package]]
name = "half"
version = "1.8.2"
source = "registry+https://github.com/rust-lang/crates.io-index"
checksum = "eabb4a44450da02c90444cf74558da904edde8fb4e9035a9a6a4e15445af0bd7"

[[package]]
name = "hex"
version = "0.4.3"
source = "registry+https://github.com/rust-lang/crates.io-index"
checksum = "7f24254aa9a54b5c858eaee2f5bccdb46aaf0e486a595ed5fd8f86ba55232a70"
dependencies = [
 "serde",
]

[[package]]
name = "libc"
version = "0.2.140"
source = "registry+https://github.com/rust-lang/crates.io-index"
checksum = "99227334921fae1a979cf0bfdfcc6b3e5ce376ef57e16fb6fb3ea2ed6095f80c"

[[package]]
name = "newtype-ops"
version = "0.1.4"
source = "registry+https://github.com/rust-lang/crates.io-index"
checksum = "d36047f46c69ef97b60e7b069a26ce9a15cd8a7852eddb6991ea94a83ba36a78"

[[package]]
name = "once_cell"
version = "1.17.1"
source = "registry+https://github.com/rust-lang/crates.io-index"
checksum = "b7e5500299e16ebb147ae15a00a942af264cf3688f47923b8fc2cd5858f23ad3"

[[package]]
name = "proc-macro-crate"
version = "0.1.5"
source = "registry+https://github.com/rust-lang/crates.io-index"
checksum = "1d6ea3c4595b96363c13943497db34af4460fb474a95c43f4446ad341b8c9785"
dependencies = [
 "toml",
]

[[package]]
name = "proc-macro2"
version = "1.0.52"
source = "registry+https://github.com/rust-lang/crates.io-index"
checksum = "1d0e1ae9e836cc3beddd63db0df682593d7e2d3d891ae8c9083d2113e1744224"
dependencies = [
 "unicode-ident",
]

[[package]]
name = "quote"
version = "1.0.20"
source = "registry+https://github.com/rust-lang/crates.io-index"
checksum = "3bcdf212e9776fbcb2d23ab029360416bb1706b1aea2d1a5ba002727cbcab804"
dependencies = [
 "proc-macro2",
]

[[package]]
name = "serde"
version = "1.0.155"
source = "registry+https://github.com/rust-lang/crates.io-index"
checksum = "bb7d1f0d3021d347a83e556fc4683dea2ea09d87bccdf88ff5c12545d89d5efb"
dependencies = [
 "serde_derive",
]

[[package]]
name = "serde-big-array"
version = "0.5.1"
source = "registry+https://github.com/rust-lang/crates.io-index"
checksum = "11fc7cc2c76d73e0f27ee52abbd64eec84d46f370c88371120433196934e4b7f"
dependencies = [
 "serde",
]

[[package]]
name = "serde_derive"
version = "1.0.152"
source = "registry+https://github.com/rust-lang/crates.io-index"
checksum = "af487d118eecd09402d70a5d72551860e788df87b464af30e5ea6a38c75c541e"
dependencies = [
 "proc-macro2",
 "quote",
 "syn",
]
checksum = "71f2b4817415c6d4210bfe1c7bfcf4801b2d904cb4d0e1a8fdb651013c9e86b8"

[[package]]
name = "syn"
version = "1.0.109"
source = "registry+https://github.com/rust-lang/crates.io-index"
checksum = "72b64191b275b66ffe2469e8af2c1cfe3bafa67b529ead792a6d0160888b4237"
dependencies = [
 "proc-macro2",
 "quote",
 "unicode-ident",
]

[[package]]
name = "tari_bor"
version = "0.50.0-pre.0"
dependencies = [
 "ciborium",
 "ciborium-io",
 "serde",
]

[[package]]
name = "tari_template_abi"
version = "0.50.0-pre.0"
dependencies = [
 "serde",
 "tari_bor",
]

[[package]]
name = "tari_template_lib"
version = "0.50.0-pre.0"
dependencies = [
 "hex",
 "newtype-ops",
 "serde",
 "serde-big-array",
 "tari_bor",
 "tari_template_abi",
 "tari_template_macros",
]

[[package]]
name = "tari_template_macros"
version = "0.50.0-pre.0"
dependencies = [
 "proc-macro2",
 "quote",
 "syn",
]

[[package]]
name = "unicode-ident"
version = "1.0.8"
source = "registry+https://github.com/rust-lang/crates.io-index"
checksum = "84a22b9f218b40614adcb3f4ff08b703773ad44fa9423e4e0d346d5db86e4ebc"
checksum = "e5464a87b239f13a63a501f2701565754bae92d243d4bb7eb12f6d57d2269bf4"

[[package]]
name = "version_check"
version = "0.9.4"
source = "registry+https://github.com/rust-lang/crates.io-index"
checksum = "49874b5167b65d7193b8aba1567f5c7d93d001cafc34600cee003eda787e483f"

[[package]]
name = "wasi"
version = "0.11.0+wasi-snapshot-preview1"
source = "registry+https://github.com/rust-lang/crates.io-index"
checksum = "9c8d87e72b64a3b4db28d11ce29237c246188f4f51057d65a7eab63b7987e423"
