{
  "name": "@tariproject/wallet_jrpc_client",
  "version": "1.0.0",
  "lockfileVersion": 3,
  "requires": true,
  "packages": {
    "": {
      "name": "@tariproject/wallet_jrpc_client",
      "version": "1.0.0",
      "license": "ISC",
      "dependencies": {
        "@tariproject/typescript-bindings": "https://gitpkg.now.sh/tari-project/tari-dan/bindings?development"
      },
      "devDependencies": {
        "typescript": "^5.3.3"
      }
    },
    "node_modules/@tariproject/typescript-bindings": {
      "version": "1.0.0",
      "resolved": "https://gitpkg.now.sh/tari-project/tari-dan/bindings?development",
      "integrity": "sha512-CheNrnFWF3lSQtBi/BUtgMs/ZjLJsyLGve4EeBGLNs270sym3BEn3VOszAi4cj3RmRW4vFwhScOuTROgY2E6Uw==",
      "license": "ISC"
    },
    "node_modules/typescript": {
      "version": "5.3.3",
      "resolved": "https://registry.npmjs.org/typescript/-/typescript-5.3.3.tgz",
      "integrity": "sha512-pXWcraxM0uxAS+tN0AG/BF2TyqmHO014Z070UsJ+pFvYuRSq8KH8DmWpnbXe0pEPDHXZV3FcAbJkijJ5oNEnWw==",
      "dev": true,
      "bin": {
        "tsc": "bin/tsc",
        "tsserver": "bin/tsserver"
      },
      "engines": {
        "node": ">=14.17"
      }
    }
  }
}
