{
  "name": "@tari-project/wallet_jrpc_client",
  "version": "1.0.8",
  "lockfileVersion": 3,
  "requires": true,
  "packages": {
    "": {
      "name": "@tari-project/wallet_jrpc_client",
      "version": "1.0.8",
      "license": "ISC",
      "dependencies": {
        "@tari-project/typescript-bindings": "1.0.3"
      },
      "devDependencies": {
        "typescript": "^5.3.3"
      }
    },
    "../../../../../bindings": {
      "extraneous": true
    },
    "../../../../bindings": {
      "extraneous": true
    },
    "node_modules/@tari-project/typescript-bindings": {
      "version": "1.0.3",
      "resolved": "https://registry.npmjs.org/@tari-project/typescript-bindings/-/typescript-bindings-1.0.3.tgz",
      "integrity": "sha512-CWJAxXgorgDXWO3U3gg/LOB3KoYgrq63zYwR1Z0tEZW0HkkA4BKlyHywRn/WpgvoCCAmAMOM6pO2jV5x1iqM/w=="
    },
    "node_modules/typescript": {
      "version": "5.3.3",
      "resolved": "https://registry.npmjs.org/typescript/-/typescript-5.3.3.tgz",
      "integrity": "sha512-pXWcraxM0uxAS+tN0AG/BF2TyqmHO014Z070UsJ+pFvYuRSq8KH8DmWpnbXe0pEPDHXZV3FcAbJkijJ5oNEnWw==",
      "dev": true,
      "bin": {
        "tsc": "bin/tsc",
        "tsserver": "bin/tsserver"
      },
      "engines": {
        "node": ">=14.17"
      }
    }
  }
}
