{
  "name": "@tari/wallet_jrpc_client",
  "version": "1.0.0",
  "lockfileVersion": 2,
  "requires": true,
  "packages": {
    "": {
      "name": "@tari/wallet_jrpc_client",
      "version": "1.0.0",
      "license": "ISC",
      "dependencies": {
        "bindings": "file:../../../bindings"
      },
      "devDependencies": {
        "typescript": "^5.3.3"
      }
    },
    "../../../bindings": {
      "name": "@tarilabs/typescript-bindings",
      "version": "1.0.0",
      "license": "ISC",
      "devDependencies": {
        "shx": "^0.3.4"
      }
    },
    "node_modules/bindings": {
      "resolved": "../../../bindings",
      "link": true
    },
    "node_modules/typescript": {
      "version": "5.3.3",
      "resolved": "https://registry.npmjs.org/typescript/-/typescript-5.3.3.tgz",
      "integrity": "sha512-pXWcraxM0uxAS+tN0AG/BF2TyqmHO014Z070UsJ+pFvYuRSq8KH8DmWpnbXe0pEPDHXZV3FcAbJkijJ5oNEnWw==",
      "dev": true,
      "bin": {
        "tsc": "bin/tsc",
        "tsserver": "bin/tsserver"
      },
      "engines": {
        "node": ">=14.17"
      }
    }
  },
  "dependencies": {
    "bindings": {
      "version": "file:../../../bindings",
      "requires": {
        "shx": "^0.3.4"
      }
    },
    "typescript": {
      "version": "5.3.3",
      "resolved": "https://registry.npmjs.org/typescript/-/typescript-5.3.3.tgz",
      "integrity": "sha512-pXWcraxM0uxAS+tN0AG/BF2TyqmHO014Z070UsJ+pFvYuRSq8KH8DmWpnbXe0pEPDHXZV3FcAbJkijJ5oNEnWw==",
      "dev": true
    }
  }
}
